
Microsoft Visual Studio Solution File, Format Version 12.00
# Visual Studio 15
VisualStudioVersion = 15.0.28307.136
MinimumVisualStudioVersion = 10.0.40219.1
Project("{FAE04EC0-301F-11D3-BF4B-00C04F79EFBC}") = "BetterTeamsWebApp", "BetterTeamsWebApp\BetterTeamsWebApp.csproj", "{2A8FE14E-986D-4E69-A218-8E9CF8353A9C}"
EndProject
Project("{FAE04EC0-301F-11D3-BF4B-00C04F79EFBC}") = "Repository", "Repository\Repository.csproj", "{B11121FD-5C97-4D71-8DC1-2DF121A85681}"
EndProject
Project("{FAE04EC0-301F-11D3-BF4B-00C04F79EFBC}") = "Models", "Models\Models.csproj", "{60BF5204-7F64-4751-A80D-9AA1B2CA741A}"
EndProject
Global
	GlobalSection(SolutionConfigurationPlatforms) = preSolution
		Debug|Any CPU = Debug|Any CPU
		Release|Any CPU = Release|Any CPU
	EndGlobalSection
	GlobalSection(ProjectConfigurationPlatforms) = postSolution
		{2A8FE14E-986D-4E69-A218-8E9CF8353A9C}.Debug|Any CPU.ActiveCfg = Debug|Any CPU
		{2A8FE14E-986D-4E69-A218-8E9CF8353A9C}.Debug|Any CPU.Build.0 = Debug|Any CPU
		{2A8FE14E-986D-4E69-A218-8E9CF8353A9C}.Release|Any CPU.ActiveCfg = Release|Any CPU
		{2A8FE14E-986D-4E69-A218-8E9CF8353A9C}.Release|Any CPU.Build.0 = Release|Any CPU
		{B11121FD-5C97-4D71-8DC1-2DF121A85681}.Debug|Any CPU.ActiveCfg = Debug|Any CPU
		{B11121FD-5C97-4D71-8DC1-2DF121A85681}.Debug|Any CPU.Build.0 = Debug|Any CPU
		{B11121FD-5C97-4D71-8DC1-2DF121A85681}.Release|Any CPU.ActiveCfg = Release|Any CPU
		{B11121FD-5C97-4D71-8DC1-2DF121A85681}.Release|Any CPU.Build.0 = Release|Any CPU
		{60BF5204-7F64-4751-A80D-9AA1B2CA741A}.Debug|Any CPU.ActiveCfg = Debug|Any CPU
		{60BF5204-7F64-4751-A80D-9AA1B2CA741A}.Debug|Any CPU.Build.0 = Debug|Any CPU
		{60BF5204-7F64-4751-A80D-9AA1B2CA741A}.Release|Any CPU.ActiveCfg = Release|Any CPU
		{60BF5204-7F64-4751-A80D-9AA1B2CA741A}.Release|Any CPU.Build.0 = Release|Any CPU
	EndGlobalSection
	GlobalSection(SolutionProperties) = preSolution
		HideSolutionNode = FALSE
	EndGlobalSection
	GlobalSection(ExtensibilityGlobals) = postSolution
		SolutionGuid = {25A393FE-6B29-447D-A8D3-8EB12D4213A8}
	EndGlobalSection
EndGlobal
